# THIS IS AN AUTOGENERATED FILE. DO NOT EDIT THIS FILE DIRECTLY.
# yarn lockfile v1


"@fimbul/bifrost@^0.17.0":
  version "0.17.0"
  resolved "https://registry.yarnpkg.com/@fimbul/bifrost/-/bifrost-0.17.0.tgz#f0383ba7e40992e3193dc87e2ddfde2ad62a9cf4"
  integrity sha512-gVTkJAOef5HtN6LPmrtt5fAUmBywwlgmObsU3FBhPoNeXPLaIl2zywXkJEtvvVLQnaFmtff3x+wIj5lHRCDE3Q==
  dependencies:
    "@fimbul/ymir" "^0.17.0"
    get-caller-file "^2.0.0"
    tslib "^1.8.1"
    tsutils "^3.5.0"

"@fimbul/ymir@^0.17.0":
  version "0.17.0"
  resolved "https://registry.yarnpkg.com/@fimbul/ymir/-/ymir-0.17.0.tgz#4f28389b9f804d1cd202e11983af1743488b7815"
  integrity sha512-xMXM9KTXRLHLVS6dnX1JhHNEkmWHcAVCQ/4+DA1KKwC/AFnGHzu/7QfQttEPgw3xplT+ILf9e3i64jrFwB3JtA==
  dependencies:
    inversify "^5.0.0"
    reflect-metadata "^0.1.12"
    tslib "^1.8.1"

"@types/invariant@^2.2.29":
  version "2.2.29"
  resolved "https://registry.yarnpkg.com/@types/invariant/-/invariant-2.2.29.tgz#aa845204cd0a289f65d47e0de63a6a815e30cc66"
  integrity sha512-lRVw09gOvgviOfeUrKc/pmTiRZ7g7oDOU6OAutyuSHpm1/o2RaBQvRhgK8QEdu+FFuw/wnWb29A/iuxv9i8OpQ==

"@types/prop-types@*":
  version "15.5.8"
  resolved "https://registry.yarnpkg.com/@types/prop-types/-/prop-types-15.5.8.tgz#8ae4e0ea205fe95c3901a5a1df7f66495e3a56ce"
  integrity sha512-3AQoUxQcQtLHsK25wtTWIoIpgYjH3vSDroZOUr7PpCHw/jLY1RB9z9E8dBT/OSmwStVgkRNvdh+ZHNiomRieaw==

"@types/react-native@^0.57.28":
  version "0.57.28"
  resolved "https://registry.yarnpkg.com/@types/react-native/-/react-native-0.57.28.tgz#aa25738bc4e88efda04537e1321b0c5e6490209a"
  integrity sha512-HfdwfjLXvU92JJNBo2Ytd+w3Ok04cWns6hCfKO3UBIWBVsySwbXVZRln/MHSetKak9O8+/kZaAcsdgDNLyRaqg==
  dependencies:
    "@types/prop-types" "*"
    "@types/react" "*"

"@types/react@*", "@types/react@^16.7.20":
  version "16.7.20"
  resolved "https://registry.yarnpkg.com/@types/react/-/react-16.7.20.tgz#13ae752c012710d0fa800985ca809814b51d3b58"
  integrity sha512-Qd5RWkwl6SL7R2XzLk/cicjVQm1Mhc6HqXY5Ei4pWd1Vi8Fkbd5O0sA398x8fRSTPAuHdDYD9nrWmJMYTJI0vQ==
  dependencies:
    "@types/prop-types" "*"
    csstype "^2.2.0"

balanced-match@^1.0.0:
  version "1.0.0"
  resolved "https://registry.yarnpkg.com/balanced-match/-/balanced-match-1.0.0.tgz#89b4d199ab2bee49de164ea02b89ce462d71b767"
  integrity sha1-ibTRmasr7kneFk6gK4nORi1xt2c=

base-64@0.1.0:
  version "0.1.0"
  resolved "https://registry.yarnpkg.com/base-64/-/base-64-0.1.0.tgz#780a99c84e7d600260361511c4877613bf24f6bb"
  integrity sha1-eAqZyE59YAJgNhURxId2E78k9rs=

base64-js@^1.0.2:
  version "1.3.0"
  resolved "https://registry.yarnpkg.com/base64-js/-/base64-js-1.3.0.tgz#cab1e6118f051095e58b5281aea8c1cd22bfc0e3"
  integrity sha512-ccav/yGvoa80BQDljCxsmmQ3Xvx60/UpBIij5QN21W3wBi/hhIC9OoO+KLpu9IJTS9j4DRVJ3aDDF9cMSoa2lw==

brace-expansion@^1.1.7:
  version "1.1.11"
  resolved "https://registry.yarnpkg.com/brace-expansion/-/brace-expansion-1.1.11.tgz#3c7fcbf529d87226f3d2f52b966ff5271eb441dd"
  integrity sha512-iCuPHDFgrHX7H2vEI/5xpz07zSHB00TpugqhmYtVmMO6518mCuRMoOYFldEBl0g187ufozdaHgWKcYFb61qGiA==
  dependencies:
    balanced-match "^1.0.0"
    concat-map "0.0.1"

buffer@^5.2.1:
  version "5.2.1"
  resolved "https://registry.yarnpkg.com/buffer/-/buffer-5.2.1.tgz#dd57fa0f109ac59c602479044dca7b8b3d0b71d6"
  integrity sha512-c+Ko0loDaFfuPWiL02ls9Xd3GO3cPVmUobQ6t3rXNUk304u6hGq+8N/kFi+QEIKhzK3uwolVhLzszmfLmMLnqg==
  dependencies:
    base64-js "^1.0.2"
    ieee754 "^1.1.4"

concat-map@0.0.1:
  version "0.0.1"
  resolved "https://registry.yarnpkg.com/concat-map/-/concat-map-0.0.1.tgz#d8a96bd77fd68df7793a73036a3ba0d5405d477b"
  integrity sha1-2Klr13/Wjfd5OnMDajug1UBdR3s=

csstype@^2.2.0:
  version "2.6.0"
  resolved "https://registry.yarnpkg.com/csstype/-/csstype-2.6.0.tgz#6cf7b2fa7fc32aab3d746802c244d4eda71371a2"
  integrity sha512-by8hi8BlLbowQq0qtkx54d9aN73R9oUW20HISpka5kmgsR9F7nnxgfsemuR2sdCKZh+CDNf5egW9UZMm4mgJRg==

doctrine@0.7.2:
  version "0.7.2"
  resolved "https://registry.yarnpkg.com/doctrine/-/doctrine-0.7.2.tgz#7cb860359ba3be90e040b26b729ce4bfa654c523"
  integrity sha1-fLhgNZujvpDgQLJrcpzkv6ZUxSM=
  dependencies:
    esutils "^1.1.6"
    isarray "0.0.1"

esutils@^1.1.6:
  version "1.1.6"
  resolved "https://registry.yarnpkg.com/esutils/-/esutils-1.1.6.tgz#c01ccaa9ae4b897c6d0c3e210ae52f3c7a844375"
  integrity sha1-wBzKqa5LiXxtDD4hCuUvPHqEQ3U=

fs.realpath@^1.0.0:
  version "1.0.0"
  resolved "https://registry.yarnpkg.com/fs.realpath/-/fs.realpath-1.0.0.tgz#1504ad2523158caa40db4a2787cb01411994ea4f"
  integrity sha1-FQStJSMVjKpA20onh8sBQRmU6k8=

get-caller-file@^2.0.0:
  version "2.0.1"
  resolved "https://registry.yarnpkg.com/get-caller-file/-/get-caller-file-2.0.1.tgz#25835260d3a2b9665fcdbb08cb039a7bbf7011c0"
  integrity sha512-SpOZHfz845AH0wJYVuZk2jWDqFmu7Xubsx+ldIpwzy5pDUpu7OJHK7QYNSA2NPlDSKQwM1GFaAkciOWjjW92Sg==

glob@7.0.6:
  version "7.0.6"
  resolved "https://registry.yarnpkg.com/glob/-/glob-7.0.6.tgz#211bafaf49e525b8cd93260d14ab136152b3f57a"
  integrity sha1-IRuvr0nlJbjNkyYNFKsTYVKz9Xo=
  dependencies:
    fs.realpath "^1.0.0"
    inflight "^1.0.4"
    inherits "2"
    minimatch "^3.0.2"
    once "^1.3.0"
    path-is-absolute "^1.0.0"

ieee754@^1.1.4:
  version "1.1.12"
  resolved "https://registry.yarnpkg.com/ieee754/-/ieee754-1.1.12.tgz#50bf24e5b9c8bb98af4964c941cdb0918da7b60b"
  integrity sha512-GguP+DRY+pJ3soyIiGPTvdiVXjZ+DbXOxGpXn3eMvNW4x4irjqXm4wHKscC+TfxSJ0yw/S1F24tqdMNsMZTiLA==

inflight@^1.0.4:
  version "1.0.6"
  resolved "https://registry.yarnpkg.com/inflight/-/inflight-1.0.6.tgz#49bd6331d7d02d0c09bc910a1075ba8165b56df9"
  integrity sha1-Sb1jMdfQLQwJvJEKEHW6gWW1bfk=
  dependencies:
    once "^1.3.0"
    wrappy "1"

inherits@2:
  version "2.0.3"
  resolved "https://registry.yarnpkg.com/inherits/-/inherits-2.0.3.tgz#633c2c83e3da42a502f52466022480f4208261de"
  integrity sha1-Yzwsg+PaQqUC9SRmAiSA9CCCYd4=

invariant@^2.2.4:
  version "2.2.4"
  resolved "https://registry.yarnpkg.com/invariant/-/invariant-2.2.4.tgz#610f3c92c9359ce1db616e538008d23ff35158e6"
  integrity sha512-phJfQVBuaJM5raOpJjSfkiD6BpbCE4Ns//LaXl6wGYtUBY83nWS6Rf9tXm2e8VaK60JEjYldbPif/A2B1C2gNA==
  dependencies:
    loose-envify "^1.0.0"

inversify@^5.0.0:
  version "5.0.1"
  resolved "https://registry.yarnpkg.com/inversify/-/inversify-5.0.1.tgz#500d709b1434896ce5a0d58915c4a4210e34fb6e"
  integrity sha512-Ieh06s48WnEYGcqHepdsJUIJUXpwH5o5vodAX+DK2JA/gjy4EbEcQZxw+uFfzysmKjiLXGYwNG3qDZsKVMcINQ==

isarray@0.0.1:
  version "0.0.1"
  resolved "https://registry.yarnpkg.com/isarray/-/isarray-0.0.1.tgz#8a18acfca9a8f4177e09abfc6038939b05d1eedf"
  integrity sha1-ihis/Kmo9Bd+Cav8YDiTmwXR7t8=

"js-tokens@^3.0.0 || ^4.0.0":
  version "4.0.0"
  resolved "https://registry.yarnpkg.com/js-tokens/-/js-tokens-4.0.0.tgz#19203fb59991df98e3a287050d4647cdeaf32499"
  integrity sha512-RdJUflcE3cUzKiMqQgsCu06FPu9UdIJO0beYbPhHN4k6apgJtifcoCtT9bcxOpYBtpD2kCM6Sbzg4CausW/PKQ==

loose-envify@^1.0.0:
  version "1.4.0"
  resolved "https://registry.yarnpkg.com/loose-envify/-/loose-envify-1.4.0.tgz#71ee51fa7be4caec1a63839f7e682d8132d30caf"
  integrity sha512-lyuxPGr/Wfhrlem2CL/UcnUc1zcqKAImBDzukY7Y5F/yQiNdko6+fRLevlw1HgMySw7f611UIY408EtxRSoK3Q==
  dependencies:
    js-tokens "^3.0.0 || ^4.0.0"

minimatch@^3.0.2:
  version "3.0.4"
  resolved "https://registry.yarnpkg.com/minimatch/-/minimatch-3.0.4.tgz#5166e286457f03306064be5497e8dbb0c3d32083"
  integrity sha512-yJHVQEhyqPLUTgt9B83PXu6W3rx4MvvHvSUvToogpwoGDOUQ+yDrR0HRot+yOCdCO7u4hX3pWft6kWBBcqh0UA==
  dependencies:
    brace-expansion "^1.1.7"

once@^1.3.0:
  version "1.4.0"
  resolved "https://registry.yarnpkg.com/once/-/once-1.4.0.tgz#583b1aa775961d4b113ac17d9c50baef9dd76bd1"
  integrity sha1-WDsap3WWHUsROsF9nFC6753Xa9E=
  dependencies:
    wrappy "1"

path-is-absolute@^1.0.0:
  version "1.0.1"
  resolved "https://registry.yarnpkg.com/path-is-absolute/-/path-is-absolute-1.0.1.tgz#174b9268735534ffbc7ace6bf53a5a9e1b5c5f5f"
  integrity sha1-F0uSaHNVNP+8es5r9TpanhtcX18=

reflect-metadata@^0.1.12:
  version "0.1.13"
  resolved "https://registry.yarnpkg.com/reflect-metadata/-/reflect-metadata-0.1.13.tgz#67ae3ca57c972a2aa1642b10fe363fe32d49dc08"
  integrity sha512-Ts1Y/anZELhSsjMcU605fU9RE4Oi3p5ORujwbIKXfWa+0Zxs510Qrmrce5/Jowq3cHSZSJqBjypxmHarc+vEWg==

rn-fetch-blob@^0.10.15:
  version "0.10.15"
  resolved "https://registry.yarnpkg.com/rn-fetch-blob/-/rn-fetch-blob-0.10.15.tgz#3526860c1c57e0bf4c09bdbe409c919264afffba"
  integrity sha512-/m/gurTaPAvR3J843uehHhznj5k89x7XClyO5ejmbspNLNQ4ByF+kZs80wiiKGWntj+Wqo0jJu1goArXEfc0kA==
  dependencies:
    base-64 "0.1.0"
    glob "7.0.6"

ts-essentials@^1.0.2:
  version "1.0.2"
  resolved "https://registry.yarnpkg.com/ts-essentials/-/ts-essentials-1.0.2.tgz#ae3e50824e06ea8fbe7e25179a41c3618f79b798"
  integrity sha512-D9TbEdIS+809h3tEESsHwgRFz0FtaCUEXCadqyFW9dw1/eMWjMeGzBsfkestAPexfNxMky6Fu1acI25XrgpIrw==

tslib@1.9.0:
  version "1.9.0"
  resolved "https://registry.yarnpkg.com/tslib/-/tslib-1.9.0.tgz#e37a86fda8cbbaf23a057f473c9f4dc64e5fc2e8"
  integrity sha512-f/qGG2tUkrISBlQZEjEqoZ3B2+npJjIf04H1wuAv9iA8i04Icp+61KRXxFdha22670NJopsZCIjhC3SnjPRKrQ==

tslib@^1.7.1, tslib@^1.8.1:
  version "1.9.3"
  resolved "https://registry.yarnpkg.com/tslib/-/tslib-1.9.3.tgz#d7e4dd79245d85428c4d7e4822a79917954ca286"
  integrity sha512-4krF8scpejhaOgqzBEcGM7yDIEfi0/8+8zDRZhNZZ2kjmHJ4hv3zCbQWxoJGz1iw5U0Jl0nma13xzHXcncMavQ==

tslint-config-airbnb@^5.11.1:
  version "5.11.1"
  resolved "https://registry.yarnpkg.com/tslint-config-airbnb/-/tslint-config-airbnb-5.11.1.tgz#51a27fbb8bf24c144d064a274a71da47e7ece617"
  integrity sha512-hkaittm2607vVMe8eotANGN1CimD5tor7uoY3ypg2VTtEcDB/KGWYbJOz58t8LI4cWSyWtgqYQ5F0HwKxxhlkQ==
  dependencies:
    tslint-consistent-codestyle "^1.14.1"
    tslint-eslint-rules "^5.4.0"
    tslint-microsoft-contrib "~5.2.1"

tslint-consistent-codestyle@^1.14.1:
  version "1.15.0"
  resolved "https://registry.yarnpkg.com/tslint-consistent-codestyle/-/tslint-consistent-codestyle-1.15.0.tgz#a3acf8d0a3ca0dc7d1285705102ba1fe4a17c4cb"
  integrity sha512-6BNDBbZh2K0ibRXe70Mkl9gfVttxQ3t3hqV1BRDfpIcjrUoOgD946iH4SrXp+IggDgeMs3dJORjD5tqL5j4jXg==
  dependencies:
    "@fimbul/bifrost" "^0.17.0"
    tslib "^1.7.1"
    tsutils "^2.29.0"

tslint-eslint-rules@^5.4.0:
  version "5.4.0"
  resolved "https://registry.yarnpkg.com/tslint-eslint-rules/-/tslint-eslint-rules-5.4.0.tgz#e488cc9181bf193fe5cd7bfca213a7695f1737b5"
  integrity sha512-WlSXE+J2vY/VPgIcqQuijMQiel+UtmXS+4nvK4ZzlDiqBfXse8FAvkNnTcYhnQyOTW5KFM+uRRGXxYhFpuBc6w==
  dependencies:
    doctrine "0.7.2"
    tslib "1.9.0"
    tsutils "^3.0.0"

tslint-microsoft-contrib@~5.2.1:
  version "5.2.1"
  resolved "https://registry.yarnpkg.com/tslint-microsoft-contrib/-/tslint-microsoft-contrib-5.2.1.tgz#a6286839f800e2591d041ea2800c77487844ad81"
  integrity sha512-PDYjvpo0gN9IfMULwKk0KpVOPMhU6cNoT9VwCOLeDl/QS8v8W2yspRpFFuUS7/c5EIH/n8ApMi8TxJAz1tfFUA==
  dependencies:
    tsutils "^2.27.2 <2.29.0"

"tsutils@^2.27.2 <2.29.0":
  version "2.28.0"
  resolved "https://registry.yarnpkg.com/tsutils/-/tsutils-2.28.0.tgz#6bd71e160828f9d019b6f4e844742228f85169a1"
  integrity sha512-bh5nAtW0tuhvOJnx1GLRn5ScraRLICGyJV5wJhtRWOLsxW70Kk5tZtpK3O/hW6LDnqKS9mlUMPZj9fEMJ0gxqA==
  dependencies:
    tslib "^1.8.1"

tsutils@^2.29.0:
  version "2.29.0"
  resolved "https://registry.yarnpkg.com/tsutils/-/tsutils-2.29.0.tgz#32b488501467acbedd4b85498673a0812aca0b99"
  integrity sha512-g5JVHCIJwzfISaXpXE1qvNalca5Jwob6FjI4AoPlqMusJ6ftFE7IkkFoMhVLRgK+4Kx3gkzb8UZK5t5yTTvEmA==
  dependencies:
    tslib "^1.8.1"

tsutils@^3.0.0, tsutils@^3.5.0:
  version "3.7.0"
  resolved "https://registry.yarnpkg.com/tsutils/-/tsutils-3.7.0.tgz#f97bdd2f109070bd1865467183e015b25734b477"
  integrity sha512-n+e+3q7Jx2kfZw7tjfI9axEIWBY0sFMOlC+1K70X0SeXpO/UYSB+PN+E9tIJNqViB7oiXQdqD7dNchnvoneZew==
  dependencies:
    tslib "^1.8.1"

typescript@^3.2.2:
  version "3.2.2"
  resolved "https://registry.yarnpkg.com/typescript/-/typescript-3.2.2.tgz#fe8101c46aa123f8353523ebdcf5730c2ae493e5"
  integrity sha512-VCj5UiSyHBjwfYacmDuc/NOk4QQixbE+Wn7MFJuS0nRuPQbof132Pw4u53dm264O8LPc2MVsc7RJNml5szurkg==

wrappy@1:
  version "1.0.2"
  resolved "https://registry.yarnpkg.com/wrappy/-/wrappy-1.0.2.tgz#b5243d8f3ec1aa35f1364605bc0d1036e30ab69f"
  integrity sha1-tSQ9jz7BqjXxNkYFvA0QNuMKtp8=
